
Microsoft Visual Studio Solution File, Format Version 12.00
# Visual Studio Version 17
VisualStudioVersion = 17.4.33213.308
MinimumVisualStudioVersion = 10.0.40219.1
Project("{8BC9CEB8-8B4A-11D0-8D11-00A0C91BC942}") = "GRU", "GRU\GRU.vcxproj", "{7F5E472C-CAA6-4DB3-8E74-995FC5DE7D57}"
EndProject
Global
	GlobalSection(SolutionConfigurationPlatforms) = preSolution
		Debug|x64 = Debug|x64
		Debug|x86 = Debug|x86
		Release|x64 = Release|x64
		Release|x86 = Release|x86
	EndGlobalSection
	GlobalSection(ProjectConfigurationPlatforms) = postSolution
		{7F5E472C-CAA6-4DB3-8E74-995FC5DE7D57}.Debug|x64.ActiveCfg = Debug|x64
		{7F5E472C-CAA6-4DB3-8E74-995FC5DE7D57}.Debug|x64.Build.0 = Debug|x64
		{7F5E472C-CAA6-4DB3-8E74-995FC5DE7D57}.Debug|x86.ActiveCfg = Debug|Win32
		{7F5E472C-CAA6-4DB3-8E74-995FC5DE7D57}.Debug|x86.Build.0 = Debug|Win32
		{7F5E472C-CAA6-4DB3-8E74-995FC5DE7D57}.Release|x64.ActiveCfg = Release|x64
		{7F5E472C-CAA6-4DB3-8E74-995FC5DE7D57}.Release|x64.Build.0 = Release|x64
		{7F5E472C-CAA6-4DB3-8E74-995FC5DE7D57}.Release|x86.ActiveCfg = Release|Win32
		{7F5E472C-CAA6-4DB3-8E74-995FC5DE7D57}.Release|x86.Build.0 = Release|Win32
	EndGlobalSection
	GlobalSection(SolutionProperties) = preSolution
		HideSolutionNode = FALSE
	EndGlobalSection
	GlobalSection(ExtensibilityGlobals) = postSolution
		SolutionGuid = {3A50CD1C-5491-4E7F-918E-6742CD6842EF}
	EndGlobalSection
EndGlobal
