<?xml version="1.0" encoding="utf-8"?>
<Project ToolsVersion="4.0" xmlns="http://schemas.microsoft.com/developer/msbuild/2003">
  <ItemGroup>
    <Filter Include="Source Files">
      <UniqueIdentifier>{4FC737F1-C7A5-4376-A066-2A32D752A2FF}</UniqueIdentifier>
      <Extensions>cpp;c;cc;cxx;c++;cppm;ixx;def;odl;idl;hpj;bat;asm;asmx</Extensions>
    </Filter>
    <Filter Include="Header Files">
      <UniqueIdentifier>{93995380-89BD-4b04-88EB-625FBE52EBFB}</UniqueIdentifier>
      <Extensions>h;hh;hpp;hxx;h++;hm;inl;inc;ipp;xsd</Extensions>
    </Filter>
    <Filter Include="Resource Files">
      <UniqueIdentifier>{67DA6AB6-F800-4c08-8B7A-83BB121AAD01}</UniqueIdentifier>
      <Extensions>rc;ico;cur;bmp;dlg;rc2;rct;bin;rgs;gif;jpg;jpeg;jpe;resx;tiff;tif;png;wav;mfcribbon-ms</Extensions>
    </Filter>
  </ItemGroup>
  <ItemGroup>
    <ClCompile Include="main.cpp">
      <Filter>Source Files</Filter>
    </ClCompile>
    <ClCompile Include="conv2d\conv2d.cpp">
      <Filter>Source Files</Filter>
    </ClCompile>
    <ClCompile Include="input\input.cpp">
      <Filter>Source Files</Filter>
    </ClCompile>
    <ClCompile Include="gru\gru.cpp">
      <Filter>Source Files</Filter>
    </ClCompile>
    <ClCompile Include="timedist\timedist.cpp">
      <Filter>Source Files</Filter>
    </ClCompile>
  </ItemGroup>
  <ItemGroup>
    <ClInclude Include="input\input.h">
      <Filter>Header Files</Filter>
    </ClInclude>
    <ClInclude Include="types.h">
      <Filter>Header Files</Filter>
    </ClInclude>
    <ClInclude Include="conv2d\data\conv2d_0.h">
      <Filter>Header Files</Filter>
    </ClInclude>
    <ClInclude Include="conv2d\conv2d_settings.h">
      <Filter>Header Files</Filter>
    </ClInclude>
    <ClInclude Include="conv2d\conv2d.h">
      <Filter>Header Files</Filter>
    </ClInclude>
    <ClInclude Include="bnorm\data\bnorm_0.h">
      <Filter>Header Files</Filter>
    </ClInclude>
    <ClInclude Include="bnorm\bnorm.h">
      <Filter>Header Files</Filter>
    </ClInclude>
    <ClInclude Include="bnorm\bnorm_settings.h">
      <Filter>Header Files</Filter>
    </ClInclude>
    <ClInclude Include="global_settings.h">
      <Filter>Header Files</Filter>
    </ClInclude>
    <ClInclude Include="conv2d\data\conv2d_2.h">
      <Filter>Header Files</Filter>
    </ClInclude>
    <ClInclude Include="bnorm\data\bnorm_1.h">
      <Filter>Header Files</Filter>
    </ClInclude>
    <ClInclude Include="mpool2d\maxpool2d.h">
      <Filter>Header Files</Filter>
    </ClInclude>
    <ClInclude Include="mpool2d\data\maxpool2d_0.h">
      <Filter>Header Files</Filter>
    </ClInclude>
    <ClInclude Include="conv2d\data\conv2d_1.h">
      <Filter>Header Files</Filter>
    </ClInclude>
    <ClInclude Include="bnorm\data\bnorm_2.h">
      <Filter>Header Files</Filter>
    </ClInclude>
    <ClInclude Include="conv2d\data\conv2d_3.h">
      <Filter>Header Files</Filter>
    </ClInclude>
    <ClInclude Include="bnorm\data\bnorm_3.h">
      <Filter>Header Files</Filter>
    </ClInclude>
    <ClInclude Include="mpool2d\data\maxpool2d_1.h">
      <Filter>Header Files</Filter>
    </ClInclude>
    <ClInclude Include="conv2d\data\conv2d_4.h">
      <Filter>Header Files</Filter>
    </ClInclude>
    <ClInclude Include="bnorm\data\bnorm_4.h">
      <Filter>Header Files</Filter>
    </ClInclude>
    <ClInclude Include="conv2d\data\conv2d_5.h">
      <Filter>Header Files</Filter>
    </ClInclude>
    <ClInclude Include="bnorm\data\bnorm_5.h">
      <Filter>Header Files</Filter>
    </ClInclude>
    <ClInclude Include="mpool2d\data\maxpool2d_2.h">
      <Filter>Header Files</Filter>
    </ClInclude>
    <ClInclude Include="reducemax\data\reducemax_0.h">
      <Filter>Header Files</Filter>
    </ClInclude>
    <ClInclude Include="reducemax\reducemax.h">
      <Filter>Header Files</Filter>
    </ClInclude>
    <ClInclude Include="gru\gru.h">
      <Filter>Header Files</Filter>
    </ClInclude>
    <ClInclude Include="gru\data\gru_0_forward.h">
      <Filter>Header Files</Filter>
    </ClInclude>
    <ClInclude Include="gru\gru_settings.h">
      <Filter>Header Files</Filter>
    </ClInclude>
    <ClInclude Include="utils\tanh_rnnoise.h">
      <Filter>Header Files</Filter>
    </ClInclude>
    <ClInclude Include="utils\sigmoid.h">
      <Filter>Header Files</Filter>
    </ClInclude>
    <ClInclude Include="gru\data\gru_0_backward.h">
      <Filter>Header Files</Filter>
    </ClInclude>
    <ClInclude Include="gru\data\gru_1_forward.h">
      <Filter>Header Files</Filter>
    </ClInclude>
    <ClInclude Include="gru\data\gru_1_backward.h">
      <Filter>Header Files</Filter>
    </ClInclude>
    <ClInclude Include="gru\data\gru_0.h">
      <Filter>Header Files</Filter>
    </ClInclude>
    <ClInclude Include="gru\data\gru_1.h">
      <Filter>Header Files</Filter>
    </ClInclude>
    <ClInclude Include="timedist\data\timedist_0.h">
      <Filter>Header Files</Filter>
    </ClInclude>
    <ClInclude Include="timedist\timedist.h">
      <Filter>Header Files</Filter>
    </ClInclude>
    <ClInclude Include="timedist\timedist_settings.h">
      <Filter>Header Files</Filter>
    </ClInclude>
    <ClInclude Include="timedist\data\timedist_1.h">
      <Filter>Header Files</Filter>
    </ClInclude>
    <ClInclude Include="utils\activation.h">
      <Filter>Header Files</Filter>
    </ClInclude>
    <ClInclude Include="reducemax\data\reducemax_1.h">
      <Filter>Header Files</Filter>
    </ClInclude>
    <ClInclude Include="z_outputexpected\dataout_0.h">
      <Filter>Header Files</Filter>
    </ClInclude>
    <ClInclude Include="output\output.h">
      <Filter>Header Files</Filter>
    </ClInclude>
  </ItemGroup>
</Project>